
Microsoft Visual Studio Solution File, Format Version 12.00
# Visual Studio 15
VisualStudioVersion = 15.0.26430.15
MinimumVisualStudioVersion = 10.0.40219.1
Project("{9A19103F-16F7-4668-BE54-9A1E7A4F7556}") = "Fabric.Terminology.API", "Fabric.Terminology.API\Fabric.Terminology.API.csproj", "{7AE08F41-42CD-4C33-90D4-207A1653D488}"
EndProject
Project("{E53339B2-1760-4266-BCC7-CA923CBCF16C}") = "docker-compose", "docker-compose.dcproj", "{B0D7974A-AC30-470B-824F-F0E59D1D8402}"
EndProject
Project("{2150E333-8FDC-42A3-9474-1A3956D46DE8}") = "Tests", "Tests", "{ED1CC761-BD47-43F6-A3D9-77077285ECB6}"
EndProject
Project("{9A19103F-16F7-4668-BE54-9A1E7A4F7556}") = "Fabric.Terminology.UnitTests", "Fabric.Terminology.UnitTests\Fabric.Terminology.UnitTests.csproj", "{DCDC41F2-0E61-468D-9DCA-583168938829}"
EndProject
Project("{9A19103F-16F7-4668-BE54-9A1E7A4F7556}") = "Fabric.Terminology.Domain", "Fabric.Terminology.Domain\Fabric.Terminology.Domain.csproj", "{4F3E143F-963E-45C4-A0CC-7033B7172DF0}"
EndProject
Project("{9A19103F-16F7-4668-BE54-9A1E7A4F7556}") = "Fabric.Terminology.SqlServer", "Fabric.Terminology.SqlServer\Fabric.Terminology.SqlServer.csproj", "{89A44276-F986-4CF7-BC87-96B3C63252F3}"
EndProject
Project("{9A19103F-16F7-4668-BE54-9A1E7A4F7556}") = "Fabric.Terminology.TestsBase", "Fabric.Terminology.TestsBase\Fabric.Terminology.TestsBase.csproj", "{7F85FF63-24B7-424C-BBBC-21ADC04E4F2E}"
EndProject
Project("{9A19103F-16F7-4668-BE54-9A1E7A4F7556}") = "Fabric.Terminology.IntegrationTests", "Fabric.Terminology.IntegrationTests\Fabric.Terminology.IntegrationTests.csproj", "{ADCA8957-4118-4238-A70E-764A8DC2490D}"
EndProject
Project("{2150E333-8FDC-42A3-9474-1A3956D46DE8}") = "Analyzers", "Analyzers", "{9C005ED4-6784-432A-871A-C97E16EE90BD}"
	ProjectSection(SolutionItems) = preProject
		Catalyst.MinimumRecommendedRules.ruleset = Catalyst.MinimumRecommendedRules.ruleset
		Catalyst.MostRules.Error.ruleset = Catalyst.MostRules.Error.ruleset
		Catalyst.TestRules.ruleset = Catalyst.TestRules.ruleset
	EndProjectSection
EndProject
Project("{2150E333-8FDC-42A3-9474-1A3956D46DE8}") = "Build", "Build", "{D92C1446-06EC-4E96-8CDD-CDDDFE23EC44}"
	ProjectSection(SolutionItems) = preProject
		Tools\SetVersion.ps1 = Tools\SetVersion.ps1
	EndProjectSection
EndProject
Global
	GlobalSection(SolutionConfigurationPlatforms) = preSolution
		Debug|Any CPU = Debug|Any CPU
		Release|Any CPU = Release|Any CPU
	EndGlobalSection
	GlobalSection(ProjectConfigurationPlatforms) = postSolution
		{7AE08F41-42CD-4C33-90D4-207A1653D488}.Debug|Any CPU.ActiveCfg = Debug|Any CPU
		{7AE08F41-42CD-4C33-90D4-207A1653D488}.Debug|Any CPU.Build.0 = Debug|Any CPU
		{7AE08F41-42CD-4C33-90D4-207A1653D488}.Release|Any CPU.ActiveCfg = Release|Any CPU
		{7AE08F41-42CD-4C33-90D4-207A1653D488}.Release|Any CPU.Build.0 = Release|Any CPU
		{B0D7974A-AC30-470B-824F-F0E59D1D8402}.Debug|Any CPU.ActiveCfg = Debug|Any CPU
		{B0D7974A-AC30-470B-824F-F0E59D1D8402}.Release|Any CPU.ActiveCfg = Release|Any CPU
		{B0D7974A-AC30-470B-824F-F0E59D1D8402}.Release|Any CPU.Build.0 = Release|Any CPU
		{DCDC41F2-0E61-468D-9DCA-583168938829}.Debug|Any CPU.ActiveCfg = Debug|Any CPU
		{DCDC41F2-0E61-468D-9DCA-583168938829}.Debug|Any CPU.Build.0 = Debug|Any CPU
		{DCDC41F2-0E61-468D-9DCA-583168938829}.Release|Any CPU.ActiveCfg = Release|Any CPU
		{DCDC41F2-0E61-468D-9DCA-583168938829}.Release|Any CPU.Build.0 = Release|Any CPU
		{4F3E143F-963E-45C4-A0CC-7033B7172DF0}.Debug|Any CPU.ActiveCfg = Debug|Any CPU
		{4F3E143F-963E-45C4-A0CC-7033B7172DF0}.Debug|Any CPU.Build.0 = Debug|Any CPU
		{4F3E143F-963E-45C4-A0CC-7033B7172DF0}.Release|Any CPU.ActiveCfg = Release|Any CPU
		{4F3E143F-963E-45C4-A0CC-7033B7172DF0}.Release|Any CPU.Build.0 = Release|Any CPU
		{89A44276-F986-4CF7-BC87-96B3C63252F3}.Debug|Any CPU.ActiveCfg = Debug|Any CPU
		{89A44276-F986-4CF7-BC87-96B3C63252F3}.Debug|Any CPU.Build.0 = Debug|Any CPU
		{89A44276-F986-4CF7-BC87-96B3C63252F3}.Release|Any CPU.ActiveCfg = Release|Any CPU
		{89A44276-F986-4CF7-BC87-96B3C63252F3}.Release|Any CPU.Build.0 = Release|Any CPU
		{7F85FF63-24B7-424C-BBBC-21ADC04E4F2E}.Debug|Any CPU.ActiveCfg = Debug|Any CPU
		{7F85FF63-24B7-424C-BBBC-21ADC04E4F2E}.Debug|Any CPU.Build.0 = Debug|Any CPU
		{7F85FF63-24B7-424C-BBBC-21ADC04E4F2E}.Release|Any CPU.ActiveCfg = Release|Any CPU
		{7F85FF63-24B7-424C-BBBC-21ADC04E4F2E}.Release|Any CPU.Build.0 = Release|Any CPU
		{ADCA8957-4118-4238-A70E-764A8DC2490D}.Debug|Any CPU.ActiveCfg = Debug|Any CPU
		{ADCA8957-4118-4238-A70E-764A8DC2490D}.Debug|Any CPU.Build.0 = Debug|Any CPU
		{ADCA8957-4118-4238-A70E-764A8DC2490D}.Release|Any CPU.ActiveCfg = Release|Any CPU
		{ADCA8957-4118-4238-A70E-764A8DC2490D}.Release|Any CPU.Build.0 = Release|Any CPU
	EndGlobalSection
	GlobalSection(SolutionProperties) = preSolution
		HideSolutionNode = FALSE
	EndGlobalSection
	GlobalSection(NestedProjects) = preSolution
		{DCDC41F2-0E61-468D-9DCA-583168938829} = {ED1CC761-BD47-43F6-A3D9-77077285ECB6}
		{7F85FF63-24B7-424C-BBBC-21ADC04E4F2E} = {ED1CC761-BD47-43F6-A3D9-77077285ECB6}
		{ADCA8957-4118-4238-A70E-764A8DC2490D} = {ED1CC761-BD47-43F6-A3D9-77077285ECB6}
	EndGlobalSection
EndGlobal
