
Microsoft Visual Studio Solution File, Format Version 12.00
# Visual Studio 15
VisualStudioVersion = 15.0.26730.10
MinimumVisualStudioVersion = 10.0.40219.1
Project("{9A19103F-16F7-4668-BE54-9A1E7A4F7556}") = "Fabric.Terminology.API", "Fabric.Terminology.API\Fabric.Terminology.API.csproj", "{7AE08F41-42CD-4C33-90D4-207A1653D488}"
EndProject
Project("{2150E333-8FDC-42A3-9474-1A3956D46DE8}") = "Tests", "Tests", "{ED1CC761-BD47-43F6-A3D9-77077285ECB6}"
EndProject
Project("{9A19103F-16F7-4668-BE54-9A1E7A4F7556}") = "Fabric.Terminology.UnitTests", "Fabric.Terminology.UnitTests\Fabric.Terminology.UnitTests.csproj", "{DCDC41F2-0E61-468D-9DCA-583168938829}"
EndProject
Project("{9A19103F-16F7-4668-BE54-9A1E7A4F7556}") = "Fabric.Terminology.Domain", "Fabric.Terminology.Domain\Fabric.Terminology.Domain.csproj", "{4F3E143F-963E-45C4-A0CC-7033B7172DF0}"
EndProject
Project("{9A19103F-16F7-4668-BE54-9A1E7A4F7556}") = "Fabric.Terminology.SqlServer", "Fabric.Terminology.SqlServer\Fabric.Terminology.SqlServer.csproj", "{89A44276-F986-4CF7-BC87-96B3C63252F3}"
EndProject
Project("{9A19103F-16F7-4668-BE54-9A1E7A4F7556}") = "Fabric.Terminology.TestsBase", "Fabric.Terminology.TestsBase\Fabric.Terminology.TestsBase.csproj", "{7F85FF63-24B7-424C-BBBC-21ADC04E4F2E}"
EndProject
Project("{9A19103F-16F7-4668-BE54-9A1E7A4F7556}") = "Fabric.Terminology.IntegrationTests", "Fabric.Terminology.IntegrationTests\Fabric.Terminology.IntegrationTests.csproj", "{ADCA8957-4118-4238-A70E-764A8DC2490D}"
EndProject
Project("{2150E333-8FDC-42A3-9474-1A3956D46DE8}") = "Build", "Build", "{D92C1446-06EC-4E96-8CDD-CDDDFE23EC44}"
	ProjectSection(SolutionItems) = preProject
		Build\ReleaseNotes.md = Build\ReleaseNotes.md
		Build\UpdateVersions.ps1 = Build\UpdateVersions.ps1
		Build\version.json = Build\version.json
	EndProjectSection
EndProject
Project("{2150E333-8FDC-42A3-9474-1A3956D46DE8}") = "Solution Items", "Solution Items", "{BA6B3403-3331-4D2C-86C0-364C1F1E2488}"
	ProjectSection(SolutionItems) = preProject
		FodyWeavers.xml = FodyWeavers.xml
	EndProjectSection
EndProject
Project("{2150E333-8FDC-42A3-9474-1A3956D46DE8}") = "Modules", "Modules", "{99FE11A6-2682-4312-90DB-97C53E8E7663}"
	ProjectSection(SolutionItems) = preProject
		Build\Modules\CsprojUtilities.psm1 = Build\Modules\CsprojUtilities.psm1
		Build\Modules\SolutionVersionConfig.psm1 = Build\Modules\SolutionVersionConfig.psm1
	EndProjectSection
EndProject
Project("{00D1A9C2-B5F0-4AF3-8072-F6C62B433612}") = "Fabric.Terminology.Database", "Fabric.Terminology.Database\Fabric.Terminology.Database.sqlproj", "{B9E4641D-F0B4-4B9C-8D21-C06E830DE686}"
EndProject
Project("{2150E333-8FDC-42A3-9474-1A3956D46DE8}") = "Scripts", "Scripts", "{E62B4748-1146-4BF9-8F07-9AA6FD6D7A81}"
	ProjectSection(SolutionItems) = preProject
		Scripts\Fabric.Terminology.Database.publish.xml = Scripts\Fabric.Terminology.Database.publish.xml
		Scripts\Install-Terminology.ps1 = Scripts\Install-Terminology.ps1
		Scripts\Install.config = Scripts\Install.config
		Scripts\PreInstall-Terminology.ps1 = Scripts\PreInstall-Terminology.ps1
		Scripts\SharedTerminology.json = Scripts\SharedTerminology.json
		Scripts\Terminology-Install-Utilities.psm1 = Scripts\Terminology-Install-Utilities.psm1
		Scripts\terminology-registration.config = Scripts\terminology-registration.config
		Scripts\Terminology.json = Scripts\Terminology.json
	EndProjectSection
EndProject
Global
	GlobalSection(SolutionConfigurationPlatforms) = preSolution
		Debug|Any CPU = Debug|Any CPU
		Release|Any CPU = Release|Any CPU
	EndGlobalSection
	GlobalSection(ProjectConfigurationPlatforms) = postSolution
		{7AE08F41-42CD-4C33-90D4-207A1653D488}.Debug|Any CPU.ActiveCfg = Debug|Any CPU
		{7AE08F41-42CD-4C33-90D4-207A1653D488}.Debug|Any CPU.Build.0 = Debug|Any CPU
		{7AE08F41-42CD-4C33-90D4-207A1653D488}.Release|Any CPU.ActiveCfg = Release|Any CPU
		{7AE08F41-42CD-4C33-90D4-207A1653D488}.Release|Any CPU.Build.0 = Release|Any CPU
		{DCDC41F2-0E61-468D-9DCA-583168938829}.Debug|Any CPU.ActiveCfg = Debug|Any CPU
		{DCDC41F2-0E61-468D-9DCA-583168938829}.Debug|Any CPU.Build.0 = Debug|Any CPU
		{DCDC41F2-0E61-468D-9DCA-583168938829}.Release|Any CPU.ActiveCfg = Release|Any CPU
		{DCDC41F2-0E61-468D-9DCA-583168938829}.Release|Any CPU.Build.0 = Release|Any CPU
		{4F3E143F-963E-45C4-A0CC-7033B7172DF0}.Debug|Any CPU.ActiveCfg = Debug|Any CPU
		{4F3E143F-963E-45C4-A0CC-7033B7172DF0}.Debug|Any CPU.Build.0 = Debug|Any CPU
		{4F3E143F-963E-45C4-A0CC-7033B7172DF0}.Release|Any CPU.ActiveCfg = Release|Any CPU
		{4F3E143F-963E-45C4-A0CC-7033B7172DF0}.Release|Any CPU.Build.0 = Release|Any CPU
		{89A44276-F986-4CF7-BC87-96B3C63252F3}.Debug|Any CPU.ActiveCfg = Debug|Any CPU
		{89A44276-F986-4CF7-BC87-96B3C63252F3}.Debug|Any CPU.Build.0 = Debug|Any CPU
		{89A44276-F986-4CF7-BC87-96B3C63252F3}.Release|Any CPU.ActiveCfg = Release|Any CPU
		{89A44276-F986-4CF7-BC87-96B3C63252F3}.Release|Any CPU.Build.0 = Release|Any CPU
		{7F85FF63-24B7-424C-BBBC-21ADC04E4F2E}.Debug|Any CPU.ActiveCfg = Debug|Any CPU
		{7F85FF63-24B7-424C-BBBC-21ADC04E4F2E}.Debug|Any CPU.Build.0 = Debug|Any CPU
		{7F85FF63-24B7-424C-BBBC-21ADC04E4F2E}.Release|Any CPU.ActiveCfg = Release|Any CPU
		{7F85FF63-24B7-424C-BBBC-21ADC04E4F2E}.Release|Any CPU.Build.0 = Release|Any CPU
		{ADCA8957-4118-4238-A70E-764A8DC2490D}.Debug|Any CPU.ActiveCfg = Debug|Any CPU
		{ADCA8957-4118-4238-A70E-764A8DC2490D}.Debug|Any CPU.Build.0 = Debug|Any CPU
		{ADCA8957-4118-4238-A70E-764A8DC2490D}.Release|Any CPU.ActiveCfg = Release|Any CPU
		{ADCA8957-4118-4238-A70E-764A8DC2490D}.Release|Any CPU.Build.0 = Release|Any CPU
		{B9E4641D-F0B4-4B9C-8D21-C06E830DE686}.Debug|Any CPU.ActiveCfg = Debug|Any CPU
		{B9E4641D-F0B4-4B9C-8D21-C06E830DE686}.Debug|Any CPU.Build.0 = Debug|Any CPU
		{B9E4641D-F0B4-4B9C-8D21-C06E830DE686}.Debug|Any CPU.Deploy.0 = Debug|Any CPU
		{B9E4641D-F0B4-4B9C-8D21-C06E830DE686}.Release|Any CPU.ActiveCfg = Release|Any CPU
		{B9E4641D-F0B4-4B9C-8D21-C06E830DE686}.Release|Any CPU.Build.0 = Release|Any CPU
		{B9E4641D-F0B4-4B9C-8D21-C06E830DE686}.Release|Any CPU.Deploy.0 = Release|Any CPU
	EndGlobalSection
	GlobalSection(SolutionProperties) = preSolution
		HideSolutionNode = FALSE
	EndGlobalSection
	GlobalSection(NestedProjects) = preSolution
		{DCDC41F2-0E61-468D-9DCA-583168938829} = {ED1CC761-BD47-43F6-A3D9-77077285ECB6}
		{7F85FF63-24B7-424C-BBBC-21ADC04E4F2E} = {ED1CC761-BD47-43F6-A3D9-77077285ECB6}
		{ADCA8957-4118-4238-A70E-764A8DC2490D} = {ED1CC761-BD47-43F6-A3D9-77077285ECB6}
		{99FE11A6-2682-4312-90DB-97C53E8E7663} = {D92C1446-06EC-4E96-8CDD-CDDDFE23EC44}
	EndGlobalSection
	GlobalSection(ExtensibilityGlobals) = postSolution
		SolutionGuid = {0013A09D-D37E-4991-B56C-89E979AF2645}
	EndGlobalSection
EndGlobal
